<?xml version="1.0" encoding="utf-8"?>
<Project ToolsVersion="4.0" xmlns="http://schemas.microsoft.com/developer/msbuild/2003">
  <ItemGroup>
    <Filter Include="Source Files">
      <UniqueIdentifier>{4FC737F1-C7A5-4376-A066-2A32D752A2FF}</UniqueIdentifier>
      <Extensions>cpp;c;cc;cxx;def;odl;idl;hpj;bat;asm;asmx</Extensions>
    </Filter>
    <Filter Include="Header Files">
      <UniqueIdentifier>{93995380-89BD-4b04-88EB-625FBE52EBFB}</UniqueIdentifier>
      <Extensions>h;hh;hpp;hxx;hm;inl;inc;xsd</Extensions>
    </Filter>
    <Filter Include="Resource Files">
      <UniqueIdentifier>{67DA6AB6-F800-4c08-8B7A-83BB121AAD01}</UniqueIdentifier>
      <Extensions>rc;ico;cur;bmp;dlg;rc2;rct;bin;rgs;gif;jpg;jpeg;jpe;resx;tiff;tif;png;wav;mfcribbon-ms</Extensions>
    </Filter>
  </ItemGroup>
  <ItemGroup>
    <ClCompile Include="main.cpp">
      <Filter>Source Files</Filter>
    </ClCompile>
    <ClCompile Include="PEVec2D.cpp">
      <Filter>Source Files</Filter>
    </ClCompile>
    <ClCompile Include="Entity.cpp">
      <Filter>Source Files</Filter>
    </ClCompile>
    <ClCompile Include="EntityHandler.cpp">
      <Filter>Source Files</Filter>
    </ClCompile>
    <ClCompile Include="QuadTree.cpp">
      <Filter>Source Files</Filter>
    </ClCompile>
    <ClCompile Include="VertexShape.cpp">
      <Filter>Source Files</Filter>
    </ClCompile>
    <ClCompile Include="DrawHandler.cpp">
      <Filter>Source Files</Filter>
    </ClCompile>
    <ClCompile Include="AABBCheck.cpp">
      <Filter>Source Files</Filter>
    </ClCompile>
    <ClCompile Include="InputHandler.cpp">
      <Filter>Source Files</Filter>
    </ClCompile>
    <ClCompile Include="SATCollisionCheck.cpp">
      <Filter>Source Files</Filter>
    </ClCompile>
    <ClCompile Include="PE.cpp">
      <Filter>Source Files</Filter>
    </ClCompile>
    <ClCompile Include="GJK.cpp">
      <Filter>Source Files</Filter>
    </ClCompile>
    <ClCompile Include="Force.cpp">
      <Filter>Source Files</Filter>
    </ClCompile>
    <ClCompile Include="Texture_System.cpp">
      <Filter>Source Files</Filter>
    </ClCompile>
    <ClCompile Include="Sound_system.cpp">
      <Filter>Source Files</Filter>
    </ClCompile>
  </ItemGroup>
  <ItemGroup>
    <ClInclude Include="PEVec2D.h">
      <Filter>Header Files</Filter>
    </ClInclude>
    <ClInclude Include="Entity.h">
      <Filter>Header Files</Filter>
    </ClInclude>
    <ClInclude Include="EntityHandler.h">
      <Filter>Header Files</Filter>
    </ClInclude>
    <ClInclude Include="QuadTree.h">
      <Filter>Header Files</Filter>
    </ClInclude>
    <ClInclude Include="VertexShape.h">
      <Filter>Header Files</Filter>
    </ClInclude>
    <ClInclude Include="DrawHandler.h">
      <Filter>Header Files</Filter>
    </ClInclude>
    <ClInclude Include="AABBCheck.h">
      <Filter>Header Files</Filter>
    </ClInclude>
    <ClInclude Include="InputHandler.h">
      <Filter>Header Files</Filter>
    </ClInclude>
    <ClInclude Include="SATCollisionCheck.h">
      <Filter>Header Files</Filter>
    </ClInclude>
    <ClInclude Include="PE.h">
      <Filter>Header Files</Filter>
    </ClInclude>
    <ClInclude Include="GJK.h">
      <Filter>Header Files</Filter>
    </ClInclude>
    <ClInclude Include="Force.h">
      <Filter>Header Files</Filter>
    </ClInclude>
    <ClInclude Include="Sound_system.h">
      <Filter>Header Files</Filter>
    </ClInclude>
    <ClInclude Include="Splashscreen.h">
      <Filter>Header Files</Filter>
    </ClInclude>
    <ClInclude Include="Texture_System.h">
      <Filter>Header Files</Filter>
    </ClInclude>
    <ClInclude Include="Menu_System.h">
      <Filter>Header Files</Filter>
    </ClInclude>
    <ClInclude Include="Game_System.h">
      <Filter>Header Files</Filter>
    </ClInclude>
    <ClInclude Include="Font_System.h">
      <Filter>Header Files</Filter>
    </ClInclude>
  </ItemGroup>
  <ItemGroup>
    <None Include="packages.config" />
  </ItemGroup>
</Project>